PODS:
  - Google-Mobile-Ads-SDK (11.5.0):
    - GoogleUserMessagingPlatform (>= 1.1)
  - GoogleUserMessagingPlatform (2.4.0)
  - Promises (2.0.4)

DEPENDENCIES:
  - Google-Mobile-Ads-SDK
  - Promises

SPEC REPOS:
  trunk:
    - Google-Mobile-Ads-SDK
    - GoogleUserMessagingPlatform
    - Promises

SPEC CHECKSUMS:
  Google-Mobile-Ads-SDK: 7db2098033ad3bfcd72a11e7503b49700a93029e
  GoogleUserMessagingPlatform: f131fa7978d2ba88d7426702b057c2cc318e6595
  Promises: fcb83dc6be43294a8d30c343636ed1a45a8d2e0a

PODFILE CHECKSUM: 0b6eb2bdd361e3613b8ab71d833643632a77cef0

COCOAPODS: 1.15.2
