// !$*UTF8*$!
{
	archiveVersion = 1;
	classes = {
	};
	objectVersion = 56;
	objects = {

/* Begin PBXBuildFile section */
		B60DDCAE29FF49B500372957 /* LVM.swift in Sources */ = {isa = PBXBuildFile; fileRef = B60DDCAD29FF49B500372957 /* LVM.swift */; };
		B60DDCB02A001D9E00372957 /* TrackView.swift in Sources */ = {isa = PBXBuildFile; fileRef = B60DDCAF2A001D9E00372957 /* TrackView.swift */; };
		B60DDCB32A00606F00372957 /* Events.swift in Sources */ = {isa = PBXBuildFile; fileRef = B60DDCB22A00606F00372957 /* Events.swift */; };
		B60DDCB52A00FDA400372957 /* EventManager.swift in Sources */ = {isa = PBXBuildFile; fileRef = B60DDCB42A00FDA400372957 /* EventManager.swift */; };
		B60DDCB72A0301DA00372957 /* DE.strings in Resources */ = {isa = PBXBuildFile; fileRef = B60DDCB62A0301DA00372957 /* DE.strings */; };
		B60DDCBA2A0302C100372957 /* ENe.strings in Resources */ = {isa = PBXBuildFile; fileRef = B60DDCB92A0302C000372957 /* ENe.strings */; };
		B60DDCBC2A038DB500372957 /* ConfirmButton.swift in Sources */ = {isa = PBXBuildFile; fileRef = B60DDCBB2A038DB500372957 /* ConfirmButton.swift */; };
		B60DDCBE2A0411F700372957 /* EventSection.swift in Sources */ = {isa = PBXBuildFile; fileRef = B60DDCBD2A0411F700372957 /* EventSection.swift */; };
		B60DDCC02A04125400372957 /* EventPreview.swift in Sources */ = {isa = PBXBuildFile; fileRef = B60DDCBF2A04125400372957 /* EventPreview.swift */; };
		B60DDCC22A0412B400372957 /* EventDetailView.swift in Sources */ = {isa = PBXBuildFile; fileRef = B60DDCC12A0412B400372957 /* EventDetailView.swift */; };
		B60DDCC42A04130300372957 /* EventCardComponent.swift in Sources */ = {isa = PBXBuildFile; fileRef = B60DDCC32A04130300372957 /* EventCardComponent.swift */; };
		B60DDCC62A04151200372957 /* EventTaskHeader.swift in Sources */ = {isa = PBXBuildFile; fileRef = B60DDCC52A04151200372957 /* EventTaskHeader.swift */; };
		B60DDCC82A04180300372957 /* EventTaskRow.swift in Sources */ = {isa = PBXBuildFile; fileRef = B60DDCC72A04180300372957 /* EventTaskRow.swift */; };
		B60DDCCD2A04192300372957 /* ContactSection.swift in Sources */ = {isa = PBXBuildFile; fileRef = B60DDCCC2A04192300372957 /* ContactSection.swift */; };
		B60DDCD02A04198800372957 /* ContactPreview.swift in Sources */ = {isa = PBXBuildFile; fileRef = B60DDCCF2A04198800372957 /* ContactPreview.swift */; };
		B60DDCD22A041A0100372957 /* ContactDetailView.swift in Sources */ = {isa = PBXBuildFile; fileRef = B60DDCD12A041A0100372957 /* ContactDetailView.swift */; };
		B60DDCD42A041AC800372957 /* ContactCardComponent.swift in Sources */ = {isa = PBXBuildFile; fileRef = B60DDCD32A041AC800372957 /* ContactCardComponent.swift */; };
		B60DDCD62A041C7300372957 /* EventAddSheetBoby.swift in Sources */ = {isa = PBXBuildFile; fileRef = B60DDCD52A041C7300372957 /* EventAddSheetBoby.swift */; };
		B60DDCD82A041CFF00372957 /* ContentAddSheetBoby.swift in Sources */ = {isa = PBXBuildFile; fileRef = B60DDCD72A041CFF00372957 /* ContentAddSheetBoby.swift */; };
		B60DDCE22A04674000372957 /* SettingsSheet.swift in Sources */ = {isa = PBXBuildFile; fileRef = B60DDCE12A04674000372957 /* SettingsSheet.swift */; };
		B612E30B29FA99B300C6BF88 /* SettingToggleButton.swift in Sources */ = {isa = PBXBuildFile; fileRef = B612E30A29FA99B300C6BF88 /* SettingToggleButton.swift */; };
		B612E30E29FA9BB300C6BF88 /* NavigateTo.swift in Sources */ = {isa = PBXBuildFile; fileRef = B612E30D29FA9BB300C6BF88 /* NavigateTo.swift */; };
		B612E31029FA9BD400C6BF88 /* NavigateToWithStack.swift in Sources */ = {isa = PBXBuildFile; fileRef = B612E30F29FA9BD400C6BF88 /* NavigateToWithStack.swift */; };
		B612E31229FA9BF400C6BF88 /* BackBTN.swift in Sources */ = {isa = PBXBuildFile; fileRef = B612E31129FA9BF400C6BF88 /* BackBTN.swift */; };
		B612E31429FA9C1100C6BF88 /* GlassBackGround.swift in Sources */ = {isa = PBXBuildFile; fileRef = B612E31329FA9C1100C6BF88 /* GlassBackGround.swift */; };
		B612E31729FA9C6B00C6BF88 /* SettingMapping.swift in Sources */ = {isa = PBXBuildFile; fileRef = B612E31629FA9C6B00C6BF88 /* SettingMapping.swift */; };
		B612E31929FAA5D800C6BF88 /* PersonalDeteilsView.swift in Sources */ = {isa = PBXBuildFile; fileRef = B612E31829FAA5D800C6BF88 /* PersonalDeteilsView.swift */; };
		B612E31B29FAA6AA00C6BF88 /* SettingChangeName.swift in Sources */ = {isa = PBXBuildFile; fileRef = B612E31A29FAA6AA00C6BF88 /* SettingChangeName.swift */; };
		B612E31F29FAAC8E00C6BF88 /* SettingSetStepTarget.swift in Sources */ = {isa = PBXBuildFile; fileRef = B612E31E29FAAC8E00C6BF88 /* SettingSetStepTarget.swift */; };
		B612E32129FABF6F00C6BF88 /* HeaderComponent.swift in Sources */ = {isa = PBXBuildFile; fileRef = B612E32029FABF6F00C6BF88 /* HeaderComponent.swift */; };
		B612E32329FAD16500C6BF88 /* LiveActivityStructs.swift in Sources */ = {isa = PBXBuildFile; fileRef = B612E32229FAD16500C6BF88 /* LiveActivityStructs.swift */; };
		B63FC11E2A054E320013652B /* Step.swift in Sources */ = {isa = PBXBuildFile; fileRef = B6F9491329F6EF0900BBE3A2 /* Step.swift */; };
		B63FC1202A0568D40013652B /* HealthStorage.swift in Sources */ = {isa = PBXBuildFile; fileRef = B6F9490C29F6EEB600BBE3A2 /* HealthStorage.swift */; };
		B63FC1212A0569D00013652B /* EventManager.swift in Sources */ = {isa = PBXBuildFile; fileRef = B60DDCB42A00FDA400372957 /* EventManager.swift */; };
		B63FC1222A056BD00013652B /* PushNotificationManager.swift in Sources */ = {isa = PBXBuildFile; fileRef = B6F9491E29F730DE00BBE3A2 /* PushNotificationManager.swift */; };
		B63FC1232A056BF20013652B /* PushNotifications.swift in Sources */ = {isa = PBXBuildFile; fileRef = B6F9492029F7AB1F00BBE3A2 /* PushNotifications.swift */; };
		B63FC1322A05B49B0013652B /* test.appex in Embed ExtensionKit Extensions */ = {isa = PBXBuildFile; fileRef = B63FC1292A05B49B0013652B /* test.appex */; settings = {ATTRIBUTES = (RemoveHeadersOnCopy, ); }; };
		B66F2C4029FC50C5006CA21E /* Counter.swift in Sources */ = {isa = PBXBuildFile; fileRef = B66F2C3F29FC50C5006CA21E /* Counter.swift */; };
		B66F2C4229FC50E2006CA21E /* SessionDelegater.swift in Sources */ = {isa = PBXBuildFile; fileRef = B66F2C4129FC50E2006CA21E /* SessionDelegater.swift */; };
		B66F2C4629FD0649006CA21E /* WatchConnectivityProvider.swift in Sources */ = {isa = PBXBuildFile; fileRef = B66F2C4529FD0649006CA21E /* WatchConnectivityProvider.swift */; };
		B66F2C4929FD0670006CA21E /* TimerViewModel.swift in Sources */ = {isa = PBXBuildFile; fileRef = B66F2C4829FD0670006CA21E /* TimerViewModel.swift */; };
		B6AB581B2A052BB8003D962B /* WidgetKit.framework in Frameworks */ = {isa = PBXBuildFile; fileRef = B6F9492F29F7F92600BBE3A2 /* WidgetKit.framework */; };
		B6AB581C2A052BB8003D962B /* SwiftUI.framework in Frameworks */ = {isa = PBXBuildFile; fileRef = B6F9493129F7F92700BBE3A2 /* SwiftUI.framework */; };
		B6AB581F2A052BB8003D962B /* ProthesenWidgetBundle.swift in Sources */ = {isa = PBXBuildFile; fileRef = B6AB581E2A052BB8003D962B /* ProthesenWidgetBundle.swift */; };
		B6AB58232A052BB8003D962B /* Assets.xcassets in Resources */ = {isa = PBXBuildFile; fileRef = B6AB58222A052BB8003D962B /* Assets.xcassets */; };
		B6AB58272A052BB8003D962B /* ProthesenWidgetExtension.appex in Embed Foundation Extensions */ = {isa = PBXBuildFile; fileRef = B6AB581A2A052BB8003D962B /* ProthesenWidgetExtension.appex */; settings = {ATTRIBUTES = (RemoveHeadersOnCopy, ); }; };
		B6AB582D2A052C64003D962B /* Provider.swift in Sources */ = {isa = PBXBuildFile; fileRef = B6AB582B2A052C01003D962B /* Provider.swift */; };
		B6AB582F2A052CAF003D962B /* ProthesenWidgetContentView.swift in Sources */ = {isa = PBXBuildFile; fileRef = B6AB582E2A052CAF003D962B /* ProthesenWidgetContentView.swift */; };
		B6AB58312A052DDB003D962B /* Pro_these_.xcdatamodeld in Sources */ = {isa = PBXBuildFile; fileRef = B6F948FB29F6ED8700BBE3A2 /* Pro_these_.xcdatamodeld */; };
		B6AB58322A052DE4003D962B /* Persistence.swift in Sources */ = {isa = PBXBuildFile; fileRef = B6F948F929F6ED8700BBE3A2 /* Persistence.swift */; };
		B6AB58332A052DF4003D962B /* StopWatchManager.swift in Sources */ = {isa = PBXBuildFile; fileRef = B6F9492729F7E7D000BBE3A2 /* StopWatchManager.swift */; };
		B6AB58342A052E3D003D962B /* AppConfig.swift in Sources */ = {isa = PBXBuildFile; fileRef = B6F9490E29F6EECC00BBE3A2 /* AppConfig.swift */; };
		B6C0B6DC29F8FF140071A88E /* LocationTracker.swift in Sources */ = {isa = PBXBuildFile; fileRef = B6C0B6DB29F8FF140071A88E /* LocationTracker.swift */; };
		B6C0B6DE29F929000071A88E /* LocationManager.swift in Sources */ = {isa = PBXBuildFile; fileRef = B6C0B6DD29F929000071A88E /* LocationManager.swift */; };
		B6C1285D29FA52870018C71D /* HomeView.swift in Sources */ = {isa = PBXBuildFile; fileRef = B6C1285C29FA52870018C71D /* HomeView.swift */; };
		B6C1286029FA74CC0018C71D /* SettingsDeteilsView.swift in Sources */ = {isa = PBXBuildFile; fileRef = B6C1285F29FA74CC0018C71D /* SettingsDeteilsView.swift */; };
		B6C16B6E29F84CB600B5BD70 /* TabManager.swift in Sources */ = {isa = PBXBuildFile; fileRef = B6C16B6D29F84CB600B5BD70 /* TabManager.swift */; };
		B6C16B7029F84CE700B5BD70 /* LaunchScreen.swift in Sources */ = {isa = PBXBuildFile; fileRef = B6C16B6F29F84CE700B5BD70 /* LaunchScreen.swift */; };
		B6C16B9429F8779F00B5BD70 /* CircleAnimationInBackground.swift in Sources */ = {isa = PBXBuildFile; fileRef = B6C16B9329F8779F00B5BD70 /* CircleAnimationInBackground.swift */; };
		B6E3B3DD29FD1B5900341144 /* ProWatchOSApp.swift in Sources */ = {isa = PBXBuildFile; fileRef = B6E3B3DC29FD1B5900341144 /* ProWatchOSApp.swift */; };
		B6E3B3E129FD1B5A00341144 /* Assets.xcassets in Resources */ = {isa = PBXBuildFile; fileRef = B6E3B3E029FD1B5A00341144 /* Assets.xcassets */; };
		B6E3B3E429FD1B5A00341144 /* Preview Assets.xcassets in Resources */ = {isa = PBXBuildFile; fileRef = B6E3B3E329FD1B5A00341144 /* Preview Assets.xcassets */; };
		B6E3B3E729FD1B5A00341144 /* ProWatchOS Watch App.app in Embed Watch Content */ = {isa = PBXBuildFile; fileRef = B6E3B3DA29FD1B5900341144 /* ProWatchOS Watch App.app */; settings = {ATTRIBUTES = (RemoveHeadersOnCopy, ); }; };
		B6E3B3EC29FD1BE200341144 /* WatchConnectivityProvider.swift in Sources */ = {isa = PBXBuildFile; fileRef = B66F2C4529FD0649006CA21E /* WatchConnectivityProvider.swift */; };
		B6E3B3ED29FD1BE200341144 /* TimerViewModel.swift in Sources */ = {isa = PBXBuildFile; fileRef = B66F2C4829FD0670006CA21E /* TimerViewModel.swift */; };
		B6E3B3EF29FD1CBC00341144 /* WatchContentView.swift in Sources */ = {isa = PBXBuildFile; fileRef = B6E3B3DE29FD1B5900341144 /* WatchContentView.swift */; };
		B6EEC4B829FD3FA5004E2F2F /* StepCounterWatch.swift in Sources */ = {isa = PBXBuildFile; fileRef = B6EEC4B729FD3FA5004E2F2F /* StepCounterWatch.swift */; };
		B6EEC4B929FD40BE004E2F2F /* HealthKitStore.swift in Sources */ = {isa = PBXBuildFile; fileRef = B6F9491829F6EF5C00BBE3A2 /* HealthKitStore.swift */; };
		B6EEC4BA29FD40C9004E2F2F /* StepCounterManager.swift in Sources */ = {isa = PBXBuildFile; fileRef = B6F9491A29F6EF7600BBE3A2 /* StepCounterManager.swift */; };
		B6EEC4BB29FD40D8004E2F2F /* HealthStorage.swift in Sources */ = {isa = PBXBuildFile; fileRef = B6F9490C29F6EEB600BBE3A2 /* HealthStorage.swift */; };
		B6EEC4BD29FD41C0004E2F2F /* AppConfig.swift in Sources */ = {isa = PBXBuildFile; fileRef = B6F9490E29F6EECC00BBE3A2 /* AppConfig.swift */; };
		B6EEC4BE29FD42BD004E2F2F /* Step.swift in Sources */ = {isa = PBXBuildFile; fileRef = B6F9491329F6EF0900BBE3A2 /* Step.swift */; };
		B6EEC4C129FD52EA004E2F2F /* ComplicationView.swift in Sources */ = {isa = PBXBuildFile; fileRef = B6EEC4C029FD52EA004E2F2F /* ComplicationView.swift */; };
		B6F948F129F6ED8500BBE3A2 /* Pro_these_App.swift in Sources */ = {isa = PBXBuildFile; fileRef = B6F948F029F6ED8500BBE3A2 /* Pro_these_App.swift */; };
		B6F948F329F6ED8500BBE3A2 /* ContentView.swift in Sources */ = {isa = PBXBuildFile; fileRef = B6F948F229F6ED8500BBE3A2 /* ContentView.swift */; };
		B6F948F529F6ED8700BBE3A2 /* Assets.xcassets in Resources */ = {isa = PBXBuildFile; fileRef = B6F948F429F6ED8700BBE3A2 /* Assets.xcassets */; };
		B6F948F829F6ED8700BBE3A2 /* Preview Assets.xcassets in Resources */ = {isa = PBXBuildFile; fileRef = B6F948F729F6ED8700BBE3A2 /* Preview Assets.xcassets */; };
		B6F948FA29F6ED8700BBE3A2 /* Persistence.swift in Sources */ = {isa = PBXBuildFile; fileRef = B6F948F929F6ED8700BBE3A2 /* Persistence.swift */; };
		B6F948FD29F6ED8700BBE3A2 /* Pro_these_.xcdatamodeld in Sources */ = {isa = PBXBuildFile; fileRef = B6F948FB29F6ED8700BBE3A2 /* Pro_these_.xcdatamodeld */; };
		B6F9490629F6EE1C00BBE3A2 /* MoreView.swift in Sources */ = {isa = PBXBuildFile; fileRef = B6F9490529F6EE1C00BBE3A2 /* MoreView.swift */; };
		B6F9490829F6EE4500BBE3A2 /* TabStack.swift in Sources */ = {isa = PBXBuildFile; fileRef = B6F9490729F6EE4500BBE3A2 /* TabStack.swift */; };
		B6F9490A29F6EE6500BBE3A2 /* StepCounter.swift in Sources */ = {isa = PBXBuildFile; fileRef = B6F9490929F6EE6500BBE3A2 /* StepCounter.swift */; };
		B6F9490D29F6EEB600BBE3A2 /* HealthStorage.swift in Sources */ = {isa = PBXBuildFile; fileRef = B6F9490C29F6EEB600BBE3A2 /* HealthStorage.swift */; };
		B6F9490F29F6EECC00BBE3A2 /* AppConfig.swift in Sources */ = {isa = PBXBuildFile; fileRef = B6F9490E29F6EECC00BBE3A2 /* AppConfig.swift */; };
		B6F9491229F6EEFA00BBE3A2 /* Tab.swift in Sources */ = {isa = PBXBuildFile; fileRef = B6F9491129F6EEFA00BBE3A2 /* Tab.swift */; };
		B6F9491429F6EF0900BBE3A2 /* Step.swift in Sources */ = {isa = PBXBuildFile; fileRef = B6F9491329F6EF0900BBE3A2 /* Step.swift */; };
		B6F9491629F6EF2A00BBE3A2 /* MoreListStaks.swift in Sources */ = {isa = PBXBuildFile; fileRef = B6F9491529F6EF2A00BBE3A2 /* MoreListStaks.swift */; };
		B6F9491929F6EF5C00BBE3A2 /* HealthKitStore.swift in Sources */ = {isa = PBXBuildFile; fileRef = B6F9491829F6EF5C00BBE3A2 /* HealthKitStore.swift */; };
		B6F9491B29F6EF7600BBE3A2 /* StepCounterManager.swift in Sources */ = {isa = PBXBuildFile; fileRef = B6F9491A29F6EF7600BBE3A2 /* StepCounterManager.swift */; };
		B6F9491F29F730DE00BBE3A2 /* PushNotificationManager.swift in Sources */ = {isa = PBXBuildFile; fileRef = B6F9491E29F730DE00BBE3A2 /* PushNotificationManager.swift */; };
		B6F9492129F7AB1F00BBE3A2 /* PushNotifications.swift in Sources */ = {isa = PBXBuildFile; fileRef = B6F9492029F7AB1F00BBE3A2 /* PushNotifications.swift */; };
		B6F9492329F7D7AC00BBE3A2 /* StopWatchView.swift in Sources */ = {isa = PBXBuildFile; fileRef = B6F9492229F7D7AC00BBE3A2 /* StopWatchView.swift */; };
		B6F9492629F7DD2800BBE3A2 /* ViewExtention.swift in Sources */ = {isa = PBXBuildFile; fileRef = B6F9492529F7DD2800BBE3A2 /* ViewExtention.swift */; };
		B6F9492829F7E7D000BBE3A2 /* StopWatchManager.swift in Sources */ = {isa = PBXBuildFile; fileRef = B6F9492729F7E7D000BBE3A2 /* StopWatchManager.swift */; };
/* End PBXBuildFile section */

/* Begin PBXContainerItemProxy section */
		B63FC1302A05B49B0013652B /* PBXContainerItemProxy */ = {
			isa = PBXContainerItemProxy;
			containerPortal = B6F948E529F6ED8500BBE3A2 /* Project object */;
			proxyType = 1;
			remoteGlobalIDString = B63FC1282A05B49B0013652B;
			remoteInfo = test;
		};
		B6AB58252A052BB8003D962B /* PBXContainerItemProxy */ = {
			isa = PBXContainerItemProxy;
			containerPortal = B6F948E529F6ED8500BBE3A2 /* Project object */;
			proxyType = 1;
			remoteGlobalIDString = B6AB58192A052BB8003D962B;
			remoteInfo = ProthesenWidgetExtension;
		};
		B6E3B3E529FD1B5A00341144 /* PBXContainerItemProxy */ = {
			isa = PBXContainerItemProxy;
			containerPortal = B6F948E529F6ED8500BBE3A2 /* Project object */;
			proxyType = 1;
			remoteGlobalIDString = B6E3B3D929FD1B5900341144;
			remoteInfo = "ProWatchOS Watch App";
		};
/* End PBXContainerItemProxy section */

/* Begin PBXCopyFilesBuildPhase section */
		B63FC1362A05B49C0013652B /* Embed ExtensionKit Extensions */ = {
			isa = PBXCopyFilesBuildPhase;
			buildActionMask = 2147483647;
			dstPath = "$(EXTENSIONS_FOLDER_PATH)";
			dstSubfolderSpec = 16;
			files = (
				B63FC1322A05B49B0013652B /* test.appex in Embed ExtensionKit Extensions */,
			);
			name = "Embed ExtensionKit Extensions";
			runOnlyForDeploymentPostprocessing = 0;
		};
		B6E3B3EB29FD1B5A00341144 /* Embed Watch Content */ = {
			isa = PBXCopyFilesBuildPhase;
			buildActionMask = 2147483647;
			dstPath = "$(CONTENTS_FOLDER_PATH)/Watch";
			dstSubfolderSpec = 16;
			files = (
				B6E3B3E729FD1B5A00341144 /* ProWatchOS Watch App.app in Embed Watch Content */,
			);
			name = "Embed Watch Content";
			runOnlyForDeploymentPostprocessing = 0;
		};
		B6F9494329F7F92900BBE3A2 /* Embed Foundation Extensions */ = {
			isa = PBXCopyFilesBuildPhase;
			buildActionMask = 12;
			dstPath = "";
			dstSubfolderSpec = 13;
			files = (
				B6AB58272A052BB8003D962B /* ProthesenWidgetExtension.appex in Embed Foundation Extensions */,
			);
			name = "Embed Foundation Extensions";
			runOnlyForDeploymentPostprocessing = 0;
		};
/* End PBXCopyFilesBuildPhase section */

/* Begin PBXFileReference section */
		B60DDCAD29FF49B500372957 /* LVM.swift */ = {isa = PBXFileReference; lastKnownFileType = sourcecode.swift; path = LVM.swift; sourceTree = "<group>"; };
		B60DDCAF2A001D9E00372957 /* TrackView.swift */ = {isa = PBXFileReference; lastKnownFileType = sourcecode.swift; path = TrackView.swift; sourceTree = "<group>"; };
		B60DDCB22A00606F00372957 /* Events.swift */ = {isa = PBXFileReference; lastKnownFileType = sourcecode.swift; path = Events.swift; sourceTree = "<group>"; };
		B60DDCB42A00FDA400372957 /* EventManager.swift */ = {isa = PBXFileReference; lastKnownFileType = sourcecode.swift; path = EventManager.swift; sourceTree = "<group>"; };
		B60DDCB62A0301DA00372957 /* DE.strings */ = {isa = PBXFileReference; lastKnownFileType = text.plist.strings; path = DE.strings; sourceTree = "<group>"; };
		B60DDCB92A0302C000372957 /* ENe.strings */ = {isa = PBXFileReference; lastKnownFileType = text.plist.strings; path = ENe.strings; sourceTree = "<group>"; };
		B60DDCBB2A038DB500372957 /* ConfirmButton.swift */ = {isa = PBXFileReference; lastKnownFileType = sourcecode.swift; path = ConfirmButton.swift; sourceTree = "<group>"; };
		B60DDCBD2A0411F700372957 /* EventSection.swift */ = {isa = PBXFileReference; lastKnownFileType = sourcecode.swift; path = EventSection.swift; sourceTree = "<group>"; };
		B60DDCBF2A04125400372957 /* EventPreview.swift */ = {isa = PBXFileReference; lastKnownFileType = sourcecode.swift; path = EventPreview.swift; sourceTree = "<group>"; };
		B60DDCC12A0412B400372957 /* EventDetailView.swift */ = {isa = PBXFileReference; lastKnownFileType = sourcecode.swift; path = EventDetailView.swift; sourceTree = "<group>"; };
		B60DDCC32A04130300372957 /* EventCardComponent.swift */ = {isa = PBXFileReference; lastKnownFileType = sourcecode.swift; path = EventCardComponent.swift; sourceTree = "<group>"; };
		B60DDCC52A04151200372957 /* EventTaskHeader.swift */ = {isa = PBXFileReference; lastKnownFileType = sourcecode.swift; path = EventTaskHeader.swift; sourceTree = "<group>"; };
		B60DDCC72A04180300372957 /* EventTaskRow.swift */ = {isa = PBXFileReference; lastKnownFileType = sourcecode.swift; path = EventTaskRow.swift; sourceTree = "<group>"; };
		B60DDCCC2A04192300372957 /* ContactSection.swift */ = {isa = PBXFileReference; lastKnownFileType = sourcecode.swift; path = ContactSection.swift; sourceTree = "<group>"; };
		B60DDCCF2A04198800372957 /* ContactPreview.swift */ = {isa = PBXFileReference; lastKnownFileType = sourcecode.swift; path = ContactPreview.swift; sourceTree = "<group>"; };
		B60DDCD12A041A0100372957 /* ContactDetailView.swift */ = {isa = PBXFileReference; lastKnownFileType = sourcecode.swift; path = ContactDetailView.swift; sourceTree = "<group>"; };
		B60DDCD32A041AC800372957 /* ContactCardComponent.swift */ = {isa = PBXFileReference; lastKnownFileType = sourcecode.swift; path = ContactCardComponent.swift; sourceTree = "<group>"; };
		B60DDCD52A041C7300372957 /* EventAddSheetBoby.swift */ = {isa = PBXFileReference; lastKnownFileType = sourcecode.swift; path = EventAddSheetBoby.swift; sourceTree = "<group>"; };
		B60DDCD72A041CFF00372957 /* ContentAddSheetBoby.swift */ = {isa = PBXFileReference; lastKnownFileType = sourcecode.swift; path = ContentAddSheetBoby.swift; sourceTree = "<group>"; };
		B60DDCE12A04674000372957 /* SettingsSheet.swift */ = {isa = PBXFileReference; lastKnownFileType = sourcecode.swift; path = SettingsSheet.swift; sourceTree = "<group>"; };
		B612E30A29FA99B300C6BF88 /* SettingToggleButton.swift */ = {isa = PBXFileReference; lastKnownFileType = sourcecode.swift; path = SettingToggleButton.swift; sourceTree = "<group>"; };
		B612E30D29FA9BB300C6BF88 /* NavigateTo.swift */ = {isa = PBXFileReference; lastKnownFileType = sourcecode.swift; path = NavigateTo.swift; sourceTree = "<group>"; };
		B612E30F29FA9BD400C6BF88 /* NavigateToWithStack.swift */ = {isa = PBXFileReference; lastKnownFileType = sourcecode.swift; path = NavigateToWithStack.swift; sourceTree = "<group>"; };
		B612E31129FA9BF400C6BF88 /* BackBTN.swift */ = {isa = PBXFileReference; lastKnownFileType = sourcecode.swift; path = BackBTN.swift; sourceTree = "<group>"; };
		B612E31329FA9C1100C6BF88 /* GlassBackGround.swift */ = {isa = PBXFileReference; lastKnownFileType = sourcecode.swift; path = GlassBackGround.swift; sourceTree = "<group>"; };
		B612E31629FA9C6B00C6BF88 /* SettingMapping.swift */ = {isa = PBXFileReference; lastKnownFileType = sourcecode.swift; path = SettingMapping.swift; sourceTree = "<group>"; };
		B612E31829FAA5D800C6BF88 /* PersonalDeteilsView.swift */ = {isa = PBXFileReference; lastKnownFileType = sourcecode.swift; path = PersonalDeteilsView.swift; sourceTree = "<group>"; };
		B612E31A29FAA6AA00C6BF88 /* SettingChangeName.swift */ = {isa = PBXFileReference; lastKnownFileType = sourcecode.swift; path = SettingChangeName.swift; sourceTree = "<group>"; };
		B612E31E29FAAC8E00C6BF88 /* SettingSetStepTarget.swift */ = {isa = PBXFileReference; lastKnownFileType = sourcecode.swift; path = SettingSetStepTarget.swift; sourceTree = "<group>"; };
		B612E32029FABF6F00C6BF88 /* HeaderComponent.swift */ = {isa = PBXFileReference; lastKnownFileType = sourcecode.swift; path = HeaderComponent.swift; sourceTree = "<group>"; };
		B612E32229FAD16500C6BF88 /* LiveActivityStructs.swift */ = {isa = PBXFileReference; lastKnownFileType = sourcecode.swift; path = LiveActivityStructs.swift; sourceTree = "<group>"; };
		B63FC1242A057B7A0013652B /* ProthesenWidgetExtension.entitlements */ = {isa = PBXFileReference; lastKnownFileType = text.plist.entitlements; path = ProthesenWidgetExtension.entitlements; sourceTree = "<group>"; };
		B63FC1292A05B49B0013652B /* test.appex */ = {isa = PBXFileReference; explicitFileType = "wrapper.extensionkit-extension"; includeInIndex = 0; path = test.appex; sourceTree = BUILT_PRODUCTS_DIR; };
		B66F2C3F29FC50C5006CA21E /* Counter.swift */ = {isa = PBXFileReference; lastKnownFileType = sourcecode.swift; path = Counter.swift; sourceTree = "<group>"; };
		B66F2C4129FC50E2006CA21E /* SessionDelegater.swift */ = {isa = PBXFileReference; lastKnownFileType = sourcecode.swift; path = SessionDelegater.swift; sourceTree = "<group>"; };
		B66F2C4529FD0649006CA21E /* WatchConnectivityProvider.swift */ = {isa = PBXFileReference; lastKnownFileType = sourcecode.swift; path = WatchConnectivityProvider.swift; sourceTree = "<group>"; };
		B66F2C4829FD0670006CA21E /* TimerViewModel.swift */ = {isa = PBXFileReference; lastKnownFileType = sourcecode.swift; path = TimerViewModel.swift; sourceTree = "<group>"; };
		B6AB581A2A052BB8003D962B /* ProthesenWidgetExtension.appex */ = {isa = PBXFileReference; explicitFileType = "wrapper.app-extension"; includeInIndex = 0; path = ProthesenWidgetExtension.appex; sourceTree = BUILT_PRODUCTS_DIR; };
		B6AB581E2A052BB8003D962B /* ProthesenWidgetBundle.swift */ = {isa = PBXFileReference; lastKnownFileType = sourcecode.swift; path = ProthesenWidgetBundle.swift; sourceTree = "<group>"; };
		B6AB58222A052BB8003D962B /* Assets.xcassets */ = {isa = PBXFileReference; lastKnownFileType = folder.assetcatalog; path = Assets.xcassets; sourceTree = "<group>"; };
		B6AB58242A052BB8003D962B /* Info.plist */ = {isa = PBXFileReference; lastKnownFileType = text.plist.xml; path = Info.plist; sourceTree = "<group>"; };
		B6AB582B2A052C01003D962B /* Provider.swift */ = {isa = PBXFileReference; lastKnownFileType = sourcecode.swift; path = Provider.swift; sourceTree = "<group>"; };
		B6AB582E2A052CAF003D962B /* ProthesenWidgetContentView.swift */ = {isa = PBXFileReference; lastKnownFileType = sourcecode.swift; path = ProthesenWidgetContentView.swift; sourceTree = "<group>"; };
		B6C0B6DB29F8FF140071A88E /* LocationTracker.swift */ = {isa = PBXFileReference; lastKnownFileType = sourcecode.swift; path = LocationTracker.swift; sourceTree = "<group>"; };
		B6C0B6DD29F929000071A88E /* LocationManager.swift */ = {isa = PBXFileReference; lastKnownFileType = sourcecode.swift; path = LocationManager.swift; sourceTree = "<group>"; };
		B6C1285B29F99C730018C71D /* LiveViewExtensionExtension.entitlements */ = {isa = PBXFileReference; lastKnownFileType = text.plist.entitlements; name = LiveViewExtensionExtension.entitlements; path = "Pro(these)/LiveViewExtensionExtension.entitlements"; sourceTree = "<group>"; };
		B6C1285C29FA52870018C71D /* HomeView.swift */ = {isa = PBXFileReference; lastKnownFileType = sourcecode.swift; path = HomeView.swift; sourceTree = "<group>"; };
		B6C1285F29FA74CC0018C71D /* SettingsDeteilsView.swift */ = {isa = PBXFileReference; lastKnownFileType = sourcecode.swift; path = SettingsDeteilsView.swift; sourceTree = "<group>"; };
		B6C16B6D29F84CB600B5BD70 /* TabManager.swift */ = {isa = PBXFileReference; lastKnownFileType = sourcecode.swift; path = TabManager.swift; sourceTree = "<group>"; };
		B6C16B6F29F84CE700B5BD70 /* LaunchScreen.swift */ = {isa = PBXFileReference; lastKnownFileType = sourcecode.swift; path = LaunchScreen.swift; sourceTree = "<group>"; };
		B6C16B9329F8779F00B5BD70 /* CircleAnimationInBackground.swift */ = {isa = PBXFileReference; lastKnownFileType = sourcecode.swift; path = CircleAnimationInBackground.swift; sourceTree = "<group>"; };
		B6E3B3DA29FD1B5900341144 /* ProWatchOS Watch App.app */ = {isa = PBXFileReference; explicitFileType = wrapper.application; includeInIndex = 0; path = "ProWatchOS Watch App.app"; sourceTree = BUILT_PRODUCTS_DIR; };
		B6E3B3DC29FD1B5900341144 /* ProWatchOSApp.swift */ = {isa = PBXFileReference; lastKnownFileType = sourcecode.swift; path = ProWatchOSApp.swift; sourceTree = "<group>"; };
		B6E3B3DE29FD1B5900341144 /* WatchContentView.swift */ = {isa = PBXFileReference; lastKnownFileType = sourcecode.swift; path = WatchContentView.swift; sourceTree = "<group>"; };
		B6E3B3E029FD1B5A00341144 /* Assets.xcassets */ = {isa = PBXFileReference; lastKnownFileType = folder.assetcatalog; path = Assets.xcassets; sourceTree = "<group>"; };
		B6E3B3E329FD1B5A00341144 /* Preview Assets.xcassets */ = {isa = PBXFileReference; lastKnownFileType = folder.assetcatalog; path = "Preview Assets.xcassets"; sourceTree = "<group>"; };
		B6EEC4B629FD3F39004E2F2F /* ProWatchOS Watch App.entitlements */ = {isa = PBXFileReference; lastKnownFileType = text.plist.entitlements; path = "ProWatchOS Watch App.entitlements"; sourceTree = "<group>"; };
		B6EEC4B729FD3FA5004E2F2F /* StepCounterWatch.swift */ = {isa = PBXFileReference; lastKnownFileType = sourcecode.swift; path = StepCounterWatch.swift; sourceTree = "<group>"; };
		B6EEC4C029FD52EA004E2F2F /* ComplicationView.swift */ = {isa = PBXFileReference; lastKnownFileType = sourcecode.swift; path = ComplicationView.swift; sourceTree = "<group>"; };
		B6EEC4C229FEF222004E2F2F /* ClockKit.framework */ = {isa = PBXFileReference; lastKnownFileType = wrapper.framework; name = ClockKit.framework; path = Platforms/WatchOS.platform/Developer/SDKs/WatchOS9.1.sdk/System/Library/Frameworks/ClockKit.framework; sourceTree = DEVELOPER_DIR; };
		B6EEC4C729FEF30B004E2F2F /* ProWatchOS-Watch-App-Info.plist */ = {isa = PBXFileReference; lastKnownFileType = text.plist; path = "ProWatchOS-Watch-App-Info.plist"; sourceTree = SOURCE_ROOT; };
		B6F948ED29F6ED8500BBE3A2 /* Pro(these).app */ = {isa = PBXFileReference; explicitFileType = wrapper.application; includeInIndex = 0; path = "Pro(these).app"; sourceTree = BUILT_PRODUCTS_DIR; };
		B6F948F029F6ED8500BBE3A2 /* Pro_these_App.swift */ = {isa = PBXFileReference; lastKnownFileType = sourcecode.swift; path = Pro_these_App.swift; sourceTree = "<group>"; };
		B6F948F229F6ED8500BBE3A2 /* ContentView.swift */ = {isa = PBXFileReference; lastKnownFileType = sourcecode.swift; path = ContentView.swift; sourceTree = "<group>"; };
		B6F948F429F6ED8700BBE3A2 /* Assets.xcassets */ = {isa = PBXFileReference; lastKnownFileType = folder.assetcatalog; path = Assets.xcassets; sourceTree = "<group>"; };
		B6F948F729F6ED8700BBE3A2 /* Preview Assets.xcassets */ = {isa = PBXFileReference; lastKnownFileType = folder.assetcatalog; path = "Preview Assets.xcassets"; sourceTree = "<group>"; };
		B6F948F929F6ED8700BBE3A2 /* Persistence.swift */ = {isa = PBXFileReference; lastKnownFileType = sourcecode.swift; path = Persistence.swift; sourceTree = "<group>"; };
		B6F948FC29F6ED8700BBE3A2 /* Pro_these_.xcdatamodel */ = {isa = PBXFileReference; lastKnownFileType = wrapper.xcdatamodel; path = Pro_these_.xcdatamodel; sourceTree = "<group>"; };
		B6F948FE29F6ED8700BBE3A2 /* Info.plist */ = {isa = PBXFileReference; lastKnownFileType = text.plist.xml; path = Info.plist; sourceTree = "<group>"; };
		B6F9490529F6EE1C00BBE3A2 /* MoreView.swift */ = {isa = PBXFileReference; lastKnownFileType = sourcecode.swift; path = MoreView.swift; sourceTree = "<group>"; };
		B6F9490729F6EE4500BBE3A2 /* TabStack.swift */ = {isa = PBXFileReference; lastKnownFileType = sourcecode.swift; path = TabStack.swift; sourceTree = "<group>"; };
		B6F9490929F6EE6500BBE3A2 /* StepCounter.swift */ = {isa = PBXFileReference; lastKnownFileType = sourcecode.swift; path = StepCounter.swift; sourceTree = "<group>"; };
		B6F9490C29F6EEB600BBE3A2 /* HealthStorage.swift */ = {isa = PBXFileReference; lastKnownFileType = sourcecode.swift; path = HealthStorage.swift; sourceTree = "<group>"; };
		B6F9490E29F6EECC00BBE3A2 /* AppConfig.swift */ = {isa = PBXFileReference; lastKnownFileType = sourcecode.swift; path = AppConfig.swift; sourceTree = "<group>"; };
		B6F9491129F6EEFA00BBE3A2 /* Tab.swift */ = {isa = PBXFileReference; lastKnownFileType = sourcecode.swift; path = Tab.swift; sourceTree = "<group>"; };
		B6F9491329F6EF0900BBE3A2 /* Step.swift */ = {isa = PBXFileReference; lastKnownFileType = sourcecode.swift; path = Step.swift; sourceTree = "<group>"; };
		B6F9491529F6EF2A00BBE3A2 /* MoreListStaks.swift */ = {isa = PBXFileReference; lastKnownFileType = sourcecode.swift; path = MoreListStaks.swift; sourceTree = "<group>"; };
		B6F9491829F6EF5C00BBE3A2 /* HealthKitStore.swift */ = {isa = PBXFileReference; lastKnownFileType = sourcecode.swift; path = HealthKitStore.swift; sourceTree = "<group>"; };
		B6F9491A29F6EF7600BBE3A2 /* StepCounterManager.swift */ = {isa = PBXFileReference; lastKnownFileType = sourcecode.swift; path = StepCounterManager.swift; sourceTree = "<group>"; };
		B6F9491C29F6EF9300BBE3A2 /* Pro(these).entitlements */ = {isa = PBXFileReference; lastKnownFileType = text.plist.entitlements; path = "Pro(these).entitlements"; sourceTree = "<group>"; };
		B6F9491D29F6F15700BBE3A2 /* Pro-these--Info.plist */ = {isa = PBXFileReference; lastKnownFileType = text.plist; path = "Pro-these--Info.plist"; sourceTree = SOURCE_ROOT; };
		B6F9491E29F730DE00BBE3A2 /* PushNotificationManager.swift */ = {isa = PBXFileReference; lastKnownFileType = sourcecode.swift; path = PushNotificationManager.swift; sourceTree = "<group>"; };
		B6F9492029F7AB1F00BBE3A2 /* PushNotifications.swift */ = {isa = PBXFileReference; lastKnownFileType = sourcecode.swift; path = PushNotifications.swift; sourceTree = "<group>"; };
		B6F9492229F7D7AC00BBE3A2 /* StopWatchView.swift */ = {isa = PBXFileReference; lastKnownFileType = sourcecode.swift; path = StopWatchView.swift; sourceTree = "<group>"; };
		B6F9492529F7DD2800BBE3A2 /* ViewExtention.swift */ = {isa = PBXFileReference; lastKnownFileType = sourcecode.swift; path = ViewExtention.swift; sourceTree = "<group>"; };
		B6F9492729F7E7D000BBE3A2 /* StopWatchManager.swift */ = {isa = PBXFileReference; lastKnownFileType = sourcecode.swift; path = StopWatchManager.swift; sourceTree = "<group>"; };
		B6F9492F29F7F92600BBE3A2 /* WidgetKit.framework */ = {isa = PBXFileReference; lastKnownFileType = wrapper.framework; name = WidgetKit.framework; path = System/Library/Frameworks/WidgetKit.framework; sourceTree = SDKROOT; };
		B6F9493129F7F92700BBE3A2 /* SwiftUI.framework */ = {isa = PBXFileReference; lastKnownFileType = wrapper.framework; name = SwiftUI.framework; path = System/Library/Frameworks/SwiftUI.framework; sourceTree = SDKROOT; };
/* End PBXFileReference section */

/* Begin PBXFrameworksBuildPhase section */
		B63FC1262A05B49B0013652B /* Frameworks */ = {
			isa = PBXFrameworksBuildPhase;
			buildActionMask = 2147483647;
			files = (
			);
			runOnlyForDeploymentPostprocessing = 0;
		};
		B6AB58172A052BB8003D962B /* Frameworks */ = {
			isa = PBXFrameworksBuildPhase;
			buildActionMask = 2147483647;
			files = (
				B6AB581C2A052BB8003D962B /* SwiftUI.framework in Frameworks */,
				B6AB581B2A052BB8003D962B /* WidgetKit.framework in Frameworks */,
			);
			runOnlyForDeploymentPostprocessing = 0;
		};
		B6E3B3D729FD1B5900341144 /* Frameworks */ = {
			isa = PBXFrameworksBuildPhase;
			buildActionMask = 2147483647;
			files = (
			);
			runOnlyForDeploymentPostprocessing = 0;
		};
		B6F948EA29F6ED8500BBE3A2 /* Frameworks */ = {
			isa = PBXFrameworksBuildPhase;
			buildActionMask = 2147483647;
			files = (
			);
			runOnlyForDeploymentPostprocessing = 0;
		};
/* End PBXFrameworksBuildPhase section */

/* Begin PBXGroup section */
		B60DDCB12A00604C00372957 /* Events */ = {
			isa = PBXGroup;
			children = (
				B60DDCB22A00606F00372957 /* Events.swift */,
				B60DDCC92A0418BC00372957 /* Components */,
			);
			path = Events;
			sourceTree = "<group>";
		};
		B60DDCB82A03022400372957 /* language */ = {
			isa = PBXGroup;
			children = (
				B60DDCB62A0301DA00372957 /* DE.strings */,
				B60DDCB92A0302C000372957 /* ENe.strings */,
			);
			path = language;
			sourceTree = "<group>";
		};
		B60DDCC92A0418BC00372957 /* Components */ = {
			isa = PBXGroup;
			children = (
				B60DDCCB2A04191400372957 /* ContactComponents */,
				B60DDCCA2A0418CD00372957 /* EventComponents */,
			);
			path = Components;
			sourceTree = "<group>";
		};
		B60DDCCA2A0418CD00372957 /* EventComponents */ = {
			isa = PBXGroup;
			children = (
				B60DDCC72A04180300372957 /* EventTaskRow.swift */,
				B60DDCD52A041C7300372957 /* EventAddSheetBoby.swift */,
				B60DDCC12A0412B400372957 /* EventDetailView.swift */,
				B60DDCC52A04151200372957 /* EventTaskHeader.swift */,
				B60DDCC32A04130300372957 /* EventCardComponent.swift */,
				B60DDCBF2A04125400372957 /* EventPreview.swift */,
				B60DDCBD2A0411F700372957 /* EventSection.swift */,
			);
			path = EventComponents;
			sourceTree = "<group>";
		};
		B60DDCCB2A04191400372957 /* ContactComponents */ = {
			isa = PBXGroup;
			children = (
				B60DDCCC2A04192300372957 /* ContactSection.swift */,
				B60DDCD72A041CFF00372957 /* ContentAddSheetBoby.swift */,
				B60DDCD12A041A0100372957 /* ContactDetailView.swift */,
				B60DDCD32A041AC800372957 /* ContactCardComponent.swift */,
				B60DDCCF2A04198800372957 /* ContactPreview.swift */,
			);
			path = ContactComponents;
			sourceTree = "<group>";
		};
		B612E30C29FA9B7D00C6BF88 /* Components */ = {
			isa = PBXGroup;
			children = (
				B612E31D29FAAA5D00C6BF88 /* ContentViewComponents */,
				B612E31529FA9C2E00C6BF88 /* NavigationStackComponents */,
				B60DDCBB2A038DB500372957 /* ConfirmButton.swift */,
			);
			path = Components;
			sourceTree = "<group>";
		};
		B612E31529FA9C2E00C6BF88 /* NavigationStackComponents */ = {
			isa = PBXGroup;
			children = (
				B612E30D29FA9BB300C6BF88 /* NavigateTo.swift */,
				B612E31129FA9BF400C6BF88 /* BackBTN.swift */,
				B612E31329FA9C1100C6BF88 /* GlassBackGround.swift */,
				B612E30F29FA9BD400C6BF88 /* NavigateToWithStack.swift */,
			);
			path = NavigationStackComponents;
			sourceTree = "<group>";
		};
		B612E31C29FAA9C500C6BF88 /* TabViews */ = {
			isa = PBXGroup;
			children = (
				B6C1285E29FA74A70018C71D /* Settings */,
				B6F9490529F6EE1C00BBE3A2 /* MoreView.swift */,
				B60DDCAF2A001D9E00372957 /* TrackView.swift */,
				B60DDCB12A00604C00372957 /* Events */,
				B6F9490929F6EE6500BBE3A2 /* StepCounter.swift */,
				B6C0B6DB29F8FF140071A88E /* LocationTracker.swift */,
				B6F9492229F7D7AC00BBE3A2 /* StopWatchView.swift */,
				B6C1285C29FA52870018C71D /* HomeView.swift */,
			);
			path = TabViews;
			sourceTree = "<group>";
		};
		B612E31D29FAAA5D00C6BF88 /* ContentViewComponents */ = {
			isa = PBXGroup;
			children = (
				B6C16B9329F8779F00B5BD70 /* CircleAnimationInBackground.swift */,
				B612E32029FABF6F00C6BF88 /* HeaderComponent.swift */,
				B6F9490729F6EE4500BBE3A2 /* TabStack.swift */,
			);
			path = ContentViewComponents;
			sourceTree = "<group>";
		};
		B66F2C3E29FC5090006CA21E /* Shared */ = {
			isa = PBXGroup;
			children = (
				B66F2C3F29FC50C5006CA21E /* Counter.swift */,
				B66F2C4129FC50E2006CA21E /* SessionDelegater.swift */,
				B66F2C4529FD0649006CA21E /* WatchConnectivityProvider.swift */,
				B66F2C4829FD0670006CA21E /* TimerViewModel.swift */,
			);
			path = Shared;
			sourceTree = "<group>";
		};
		B6AB581D2A052BB8003D962B /* ProthesenWidget */ = {
			isa = PBXGroup;
			children = (
				B6AB581E2A052BB8003D962B /* ProthesenWidgetBundle.swift */,
				B6AB582E2A052CAF003D962B /* ProthesenWidgetContentView.swift */,
				B6AB582B2A052C01003D962B /* Provider.swift */,
				B6AB58222A052BB8003D962B /* Assets.xcassets */,
				B6AB58242A052BB8003D962B /* Info.plist */,
			);
			path = ProthesenWidget;
			sourceTree = "<group>";
		};
		B6C1285E29FA74A70018C71D /* Settings */ = {
			isa = PBXGroup;
			children = (
				B612E31629FA9C6B00C6BF88 /* SettingMapping.swift */,
				B6C1285F29FA74CC0018C71D /* SettingsDeteilsView.swift */,
				B612E31829FAA5D800C6BF88 /* PersonalDeteilsView.swift */,
				B6C1286129FA98CC0018C71D /* Components */,
			);
			path = Settings;
			sourceTree = "<group>";
		};
		B6C1286129FA98CC0018C71D /* Components */ = {
			isa = PBXGroup;
			children = (
				B612E30A29FA99B300C6BF88 /* SettingToggleButton.swift */,
				B612E31A29FAA6AA00C6BF88 /* SettingChangeName.swift */,
				B612E31E29FAAC8E00C6BF88 /* SettingSetStepTarget.swift */,
			);
			path = Components;
			sourceTree = "<group>";
		};
		B6E3B3DB29FD1B5900341144 /* ProWatchOS Watch App */ = {
			isa = PBXGroup;
			children = (
				B6EEC4C729FEF30B004E2F2F /* ProWatchOS-Watch-App-Info.plist */,
				B6EEC4B629FD3F39004E2F2F /* ProWatchOS Watch App.entitlements */,
				B6E3B3DC29FD1B5900341144 /* ProWatchOSApp.swift */,
				B6E3B3DE29FD1B5900341144 /* WatchContentView.swift */,
				B6EEC4B729FD3FA5004E2F2F /* StepCounterWatch.swift */,
				B6EEC4C029FD52EA004E2F2F /* ComplicationView.swift */,
				B6E3B3E029FD1B5A00341144 /* Assets.xcassets */,
				B6E3B3E229FD1B5A00341144 /* Preview Content */,
			);
			path = "ProWatchOS Watch App";
			sourceTree = "<group>";
		};
		B6E3B3E229FD1B5A00341144 /* Preview Content */ = {
			isa = PBXGroup;
			children = (
				B6E3B3E329FD1B5A00341144 /* Preview Assets.xcassets */,
			);
			path = "Preview Content";
			sourceTree = "<group>";
		};
		B6F948E429F6ED8500BBE3A2 = {
			isa = PBXGroup;
			children = (
				B63FC1242A057B7A0013652B /* ProthesenWidgetExtension.entitlements */,
				B60DDCB82A03022400372957 /* language */,
				B66F2C3E29FC5090006CA21E /* Shared */,
				B6C1285B29F99C730018C71D /* LiveViewExtensionExtension.entitlements */,
				B6F948EF29F6ED8500BBE3A2 /* Pro(these) */,
				B6E3B3DB29FD1B5900341144 /* ProWatchOS Watch App */,
				B6AB581D2A052BB8003D962B /* ProthesenWidget */,
				B6F9492E29F7F92600BBE3A2 /* Frameworks */,
				B6F948EE29F6ED8500BBE3A2 /* Products */,
			);
			sourceTree = "<group>";
		};
		B6F948EE29F6ED8500BBE3A2 /* Products */ = {
			isa = PBXGroup;
			children = (
				B6F948ED29F6ED8500BBE3A2 /* Pro(these).app */,
				B6E3B3DA29FD1B5900341144 /* ProWatchOS Watch App.app */,
				B6AB581A2A052BB8003D962B /* ProthesenWidgetExtension.appex */,
				B63FC1292A05B49B0013652B /* test.appex */,
			);
			name = Products;
			sourceTree = "<group>";
		};
		B6F948EF29F6ED8500BBE3A2 /* Pro(these) */ = {
			isa = PBXGroup;
			children = (
				B6F948F429F6ED8700BBE3A2 /* Assets.xcassets */,
				B6F9491D29F6F15700BBE3A2 /* Pro-these--Info.plist */,
				B6F948FE29F6ED8700BBE3A2 /* Info.plist */,
				B6F9491C29F6EF9300BBE3A2 /* Pro(these).entitlements */,
				B6F948F029F6ED8500BBE3A2 /* Pro_these_App.swift */,
				B6F9490429F6EE0D00BBE3A2 /* Views */,
				B6F9491729F6EF4600BBE3A2 /* Manager */,
				B6F9491029F6EEEE00BBE3A2 /* Model */,
				B6F9492429F7DD1000BBE3A2 /* Extention */,
				B6F9490B29F6EE7C00BBE3A2 /* Stores */,
				B6F948FB29F6ED8700BBE3A2 /* Pro_these_.xcdatamodeld */,
				B6F948F629F6ED8700BBE3A2 /* Preview Content */,
			);
			path = "Pro(these)";
			sourceTree = "<group>";
		};
		B6F948F629F6ED8700BBE3A2 /* Preview Content */ = {
			isa = PBXGroup;
			children = (
				B6F948F729F6ED8700BBE3A2 /* Preview Assets.xcassets */,
			);
			path = "Preview Content";
			sourceTree = "<group>";
		};
		B6F9490429F6EE0D00BBE3A2 /* Views */ = {
			isa = PBXGroup;
			children = (
				B6F948F229F6ED8500BBE3A2 /* ContentView.swift */,
				B60DDCE12A04674000372957 /* SettingsSheet.swift */,
				B6C16B6F29F84CE700B5BD70 /* LaunchScreen.swift */,
				B612E30C29FA9B7D00C6BF88 /* Components */,
				B612E31C29FAA9C500C6BF88 /* TabViews */,
			);
			path = Views;
			sourceTree = "<group>";
		};
		B6F9490B29F6EE7C00BBE3A2 /* Stores */ = {
			isa = PBXGroup;
			children = (
				B6F948F929F6ED8700BBE3A2 /* Persistence.swift */,
				B6F9490E29F6EECC00BBE3A2 /* AppConfig.swift */,
				B6F9490C29F6EEB600BBE3A2 /* HealthStorage.swift */,
			);
			path = Stores;
			sourceTree = "<group>";
		};
		B6F9491029F6EEEE00BBE3A2 /* Model */ = {
			isa = PBXGroup;
			children = (
				B6F9491129F6EEFA00BBE3A2 /* Tab.swift */,
				B6F9491529F6EF2A00BBE3A2 /* MoreListStaks.swift */,
				B6F9491329F6EF0900BBE3A2 /* Step.swift */,
			);
			path = Model;
			sourceTree = "<group>";
		};
		B6F9491729F6EF4600BBE3A2 /* Manager */ = {
			isa = PBXGroup;
			children = (
				B6C16B6D29F84CB600B5BD70 /* TabManager.swift */,
				B612E32229FAD16500C6BF88 /* LiveActivityStructs.swift */,
				B60DDCB42A00FDA400372957 /* EventManager.swift */,
				B6C0B6DD29F929000071A88E /* LocationManager.swift */,
				B6F9491829F6EF5C00BBE3A2 /* HealthKitStore.swift */,
				B6F9491E29F730DE00BBE3A2 /* PushNotificationManager.swift */,
				B6F9492029F7AB1F00BBE3A2 /* PushNotifications.swift */,
				B60DDCAD29FF49B500372957 /* LVM.swift */,
				B6F9491A29F6EF7600BBE3A2 /* StepCounterManager.swift */,
				B6F9492729F7E7D000BBE3A2 /* StopWatchManager.swift */,
			);
			path = Manager;
			sourceTree = "<group>";
		};
		B6F9492429F7DD1000BBE3A2 /* Extention */ = {
			isa = PBXGroup;
			children = (
				B6F9492529F7DD2800BBE3A2 /* ViewExtention.swift */,
			);
			path = Extention;
			sourceTree = "<group>";
		};
		B6F9492E29F7F92600BBE3A2 /* Frameworks */ = {
			isa = PBXGroup;
			children = (
				B6EEC4C229FEF222004E2F2F /* ClockKit.framework */,
				B6F9492F29F7F92600BBE3A2 /* WidgetKit.framework */,
				B6F9493129F7F92700BBE3A2 /* SwiftUI.framework */,
			);
			name = Frameworks;
			sourceTree = "<group>";
		};
/* End PBXGroup section */

/* Begin PBXNativeTarget section */
		B63FC1282A05B49B0013652B /* test */ = {
			isa = PBXNativeTarget;
			buildConfigurationList = B63FC1332A05B49C0013652B /* Build configuration list for PBXNativeTarget "test" */;
			buildPhases = (
				B63FC1252A05B49B0013652B /* Sources */,
				B63FC1262A05B49B0013652B /* Frameworks */,
				B63FC1272A05B49B0013652B /* Resources */,
			);
			buildRules = (
			);
			dependencies = (
			);
			name = test;
			productName = test;
			productReference = B63FC1292A05B49B0013652B /* test.appex */;
			productType = "com.apple.product-type.extensionkit-extension";
		};
		B6AB58192A052BB8003D962B /* ProthesenWidgetExtension */ = {
			isa = PBXNativeTarget;
			buildConfigurationList = B6AB58282A052BB8003D962B /* Build configuration list for PBXNativeTarget "ProthesenWidgetExtension" */;
			buildPhases = (
				B6AB58162A052BB8003D962B /* Sources */,
				B6AB58172A052BB8003D962B /* Frameworks */,
				B6AB58182A052BB8003D962B /* Resources */,
			);
			buildRules = (
			);
			dependencies = (
			);
			name = ProthesenWidgetExtension;
			productName = ProthesenWidgetExtension;
			productReference = B6AB581A2A052BB8003D962B /* ProthesenWidgetExtension.appex */;
			productType = "com.apple.product-type.app-extension";
		};
		B6E3B3D929FD1B5900341144 /* ProWatchOS Watch App */ = {
			isa = PBXNativeTarget;
			buildConfigurationList = B6E3B3E829FD1B5A00341144 /* Build configuration list for PBXNativeTarget "ProWatchOS Watch App" */;
			buildPhases = (
				B6E3B3D629FD1B5900341144 /* Sources */,
				B6E3B3D729FD1B5900341144 /* Frameworks */,
				B6E3B3D829FD1B5900341144 /* Resources */,
			);
			buildRules = (
			);
			dependencies = (
			);
			name = "ProWatchOS Watch App";
			productName = "ProWatchOS Watch App";
			productReference = B6E3B3DA29FD1B5900341144 /* ProWatchOS Watch App.app */;
			productType = "com.apple.product-type.application";
		};
		B6F948EC29F6ED8500BBE3A2 /* Pro(these) */ = {
			isa = PBXNativeTarget;
			buildConfigurationList = B6F9490129F6ED8700BBE3A2 /* Build configuration list for PBXNativeTarget "Pro(these)" */;
			buildPhases = (
				B6F948E929F6ED8500BBE3A2 /* Sources */,
				B6F948EA29F6ED8500BBE3A2 /* Frameworks */,
				B6F948EB29F6ED8500BBE3A2 /* Resources */,
				B6F9494329F7F92900BBE3A2 /* Embed Foundation Extensions */,
				B6E3B3EB29FD1B5A00341144 /* Embed Watch Content */,
				B63FC1362A05B49C0013652B /* Embed ExtensionKit Extensions */,
			);
			buildRules = (
			);
			dependencies = (
				B6E3B3E629FD1B5A00341144 /* PBXTargetDependency */,
				B6AB58262A052BB8003D962B /* PBXTargetDependency */,
				B63FC1312A05B49B0013652B /* PBXTargetDependency */,
			);
			name = "Pro(these)";
			productName = "Pro(these)";
			productReference = B6F948ED29F6ED8500BBE3A2 /* Pro(these).app */;
			productType = "com.apple.product-type.application";
		};
/* End PBXNativeTarget section */

/* Begin PBXProject section */
		B6F948E529F6ED8500BBE3A2 /* Project object */ = {
			isa = PBXProject;
			attributes = {
				BuildIndependentTargetsInParallel = 1;
				LastSwiftUpdateCheck = 1420;
				LastUpgradeCheck = 1420;
				TargetAttributes = {
					B63FC1282A05B49B0013652B = {
						CreatedOnToolsVersion = 14.2;
					};
					B6AB58192A052BB8003D962B = {
						CreatedOnToolsVersion = 14.2;
					};
					B6E3B3D929FD1B5900341144 = {
						CreatedOnToolsVersion = 14.2;
					};
					B6F948EC29F6ED8500BBE3A2 = {
						CreatedOnToolsVersion = 14.2;
					};
				};
			};
			buildConfigurationList = B6F948E829F6ED8500BBE3A2 /* Build configuration list for PBXProject "Pro(these)" */;
			compatibilityVersion = "Xcode 14.0";
			developmentRegion = en;
			hasScannedForEncodings = 0;
			knownRegions = (
				en,
				de,
			);
			mainGroup = B6F948E429F6ED8500BBE3A2;
			productRefGroup = B6F948EE29F6ED8500BBE3A2 /* Products */;
			projectDirPath = "";
			projectRoot = "";
			targets = (
				B6F948EC29F6ED8500BBE3A2 /* Pro(these) */,
				B6E3B3D929FD1B5900341144 /* ProWatchOS Watch App */,
				B6AB58192A052BB8003D962B /* ProthesenWidgetExtension */,
				B63FC1282A05B49B0013652B /* test */,
			);
		};
/* End PBXProject section */

/* Begin PBXResourcesBuildPhase section */
		B63FC1272A05B49B0013652B /* Resources */ = {
			isa = PBXResourcesBuildPhase;
			buildActionMask = 2147483647;
			files = (
			);
			runOnlyForDeploymentPostprocessing = 0;
		};
		B6AB58182A052BB8003D962B /* Resources */ = {
			isa = PBXResourcesBuildPhase;
			buildActionMask = 2147483647;
			files = (
				B6AB58232A052BB8003D962B /* Assets.xcassets in Resources */,
			);
			runOnlyForDeploymentPostprocessing = 0;
		};
		B6E3B3D829FD1B5900341144 /* Resources */ = {
			isa = PBXResourcesBuildPhase;
			buildActionMask = 2147483647;
			files = (
				B6E3B3E429FD1B5A00341144 /* Preview Assets.xcassets in Resources */,
				B6E3B3E129FD1B5A00341144 /* Assets.xcassets in Resources */,
			);
			runOnlyForDeploymentPostprocessing = 0;
		};
		B6F948EB29F6ED8500BBE3A2 /* Resources */ = {
			isa = PBXResourcesBuildPhase;
			buildActionMask = 2147483647;
			files = (
				B6F948F829F6ED8700BBE3A2 /* Preview Assets.xcassets in Resources */,
				B60DDCB72A0301DA00372957 /* DE.strings in Resources */,
				B6F948F529F6ED8700BBE3A2 /* Assets.xcassets in Resources */,
				B60DDCBA2A0302C100372957 /* ENe.strings in Resources */,
			);
			runOnlyForDeploymentPostprocessing = 0;
		};
/* End PBXResourcesBuildPhase section */

/* Begin PBXSourcesBuildPhase section */
		B63FC1252A05B49B0013652B /* Sources */ = {
			isa = PBXSourcesBuildPhase;
			buildActionMask = 2147483647;
			files = (
			);
			runOnlyForDeploymentPostprocessing = 0;
		};
		B6AB58162A052BB8003D962B /* Sources */ = {
			isa = PBXSourcesBuildPhase;
			buildActionMask = 2147483647;
			files = (
				B6AB582D2A052C64003D962B /* Provider.swift in Sources */,
				B6AB58342A052E3D003D962B /* AppConfig.swift in Sources */,
				B63FC1212A0569D00013652B /* EventManager.swift in Sources */,
				B6AB582F2A052CAF003D962B /* ProthesenWidgetContentView.swift in Sources */,
				B63FC1202A0568D40013652B /* HealthStorage.swift in Sources */,
				B63FC1232A056BF20013652B /* PushNotifications.swift in Sources */,
				B6AB58332A052DF4003D962B /* StopWatchManager.swift in Sources */,
				B63FC1222A056BD00013652B /* PushNotificationManager.swift in Sources */,
				B6AB58322A052DE4003D962B /* Persistence.swift in Sources */,
				B63FC11E2A054E320013652B /* Step.swift in Sources */,
				B6AB581F2A052BB8003D962B /* ProthesenWidgetBundle.swift in Sources */,
				B6AB58312A052DDB003D962B /* Pro_these_.xcdatamodeld in Sources */,
			);
			runOnlyForDeploymentPostprocessing = 0;
		};
		B6E3B3D629FD1B5900341144 /* Sources */ = {
			isa = PBXSourcesBuildPhase;
			buildActionMask = 2147483647;
			files = (
				B6EEC4BE29FD42BD004E2F2F /* Step.swift in Sources */,
				B6EEC4BD29FD41C0004E2F2F /* AppConfig.swift in Sources */,
				B6E3B3ED29FD1BE200341144 /* TimerViewModel.swift in Sources */,
				B6EEC4BB29FD40D8004E2F2F /* HealthStorage.swift in Sources */,
				B6EEC4BA29FD40C9004E2F2F /* StepCounterManager.swift in Sources */,
				B6E3B3DD29FD1B5900341144 /* ProWatchOSApp.swift in Sources */,
				B6EEC4B929FD40BE004E2F2F /* HealthKitStore.swift in Sources */,
				B6E3B3EF29FD1CBC00341144 /* WatchContentView.swift in Sources */,
				B6EEC4B829FD3FA5004E2F2F /* StepCounterWatch.swift in Sources */,
				B6E3B3EC29FD1BE200341144 /* WatchConnectivityProvider.swift in Sources */,
				B6EEC4C129FD52EA004E2F2F /* ComplicationView.swift in Sources */,
			);
			runOnlyForDeploymentPostprocessing = 0;
		};
		B6F948E929F6ED8500BBE3A2 /* Sources */ = {
			isa = PBXSourcesBuildPhase;
			buildActionMask = 2147483647;
			files = (
				B6F9491429F6EF0900BBE3A2 /* Step.swift in Sources */,
				B60DDCC02A04125400372957 /* EventPreview.swift in Sources */,
				B612E31029FA9BD400C6BF88 /* NavigateToWithStack.swift in Sources */,
				B6F9490F29F6EECC00BBE3A2 /* AppConfig.swift in Sources */,
				B60DDCE22A04674000372957 /* SettingsSheet.swift in Sources */,
				B6F948FA29F6ED8700BBE3A2 /* Persistence.swift in Sources */,
				B60DDCC62A04151200372957 /* EventTaskHeader.swift in Sources */,
				B6C1285D29FA52870018C71D /* HomeView.swift in Sources */,
				B6F9491629F6EF2A00BBE3A2 /* MoreListStaks.swift in Sources */,
				B60DDCD62A041C7300372957 /* EventAddSheetBoby.swift in Sources */,
				B6C16B9429F8779F00B5BD70 /* CircleAnimationInBackground.swift in Sources */,
				B60DDCD22A041A0100372957 /* ContactDetailView.swift in Sources */,
				B6F9490D29F6EEB600BBE3A2 /* HealthStorage.swift in Sources */,
				B6C16B6E29F84CB600B5BD70 /* TabManager.swift in Sources */,
				B6F948F329F6ED8500BBE3A2 /* ContentView.swift in Sources */,
				B6F948F129F6ED8500BBE3A2 /* Pro_these_App.swift in Sources */,
				B66F2C4629FD0649006CA21E /* WatchConnectivityProvider.swift in Sources */,
				B60DDCB32A00606F00372957 /* Events.swift in Sources */,
				B6F9492829F7E7D000BBE3A2 /* StopWatchManager.swift in Sources */,
				B66F2C4029FC50C5006CA21E /* Counter.swift in Sources */,
				B60DDCC42A04130300372957 /* EventCardComponent.swift in Sources */,
				B60DDCC82A04180300372957 /* EventTaskRow.swift in Sources */,
				B6F9490629F6EE1C00BBE3A2 /* MoreView.swift in Sources */,
				B66F2C4929FD0670006CA21E /* TimerViewModel.swift in Sources */,
				B6F9491B29F6EF7600BBE3A2 /* StepCounterManager.swift in Sources */,
				B6C1286029FA74CC0018C71D /* SettingsDeteilsView.swift in Sources */,
				B612E31B29FAA6AA00C6BF88 /* SettingChangeName.swift in Sources */,
				B612E31229FA9BF400C6BF88 /* BackBTN.swift in Sources */,
				B66F2C4229FC50E2006CA21E /* SessionDelegater.swift in Sources */,
				B6F9492629F7DD2800BBE3A2 /* ViewExtention.swift in Sources */,
				B6F9491929F6EF5C00BBE3A2 /* HealthKitStore.swift in Sources */,
				B60DDCBC2A038DB500372957 /* ConfirmButton.swift in Sources */,
				B60DDCD42A041AC800372957 /* ContactCardComponent.swift in Sources */,
				B60DDCD02A04198800372957 /* ContactPreview.swift in Sources */,
				B60DDCD82A041CFF00372957 /* ContentAddSheetBoby.swift in Sources */,
				B612E32329FAD16500C6BF88 /* LiveActivityStructs.swift in Sources */,
				B60DDCC22A0412B400372957 /* EventDetailView.swift in Sources */,
				B6F9490829F6EE4500BBE3A2 /* TabStack.swift in Sources */,
				B6C16B7029F84CE700B5BD70 /* LaunchScreen.swift in Sources */,
				B60DDCBE2A0411F700372957 /* EventSection.swift in Sources */,
				B60DDCB02A001D9E00372957 /* TrackView.swift in Sources */,
				B6F9491229F6EEFA00BBE3A2 /* Tab.swift in Sources */,
				B60DDCB52A00FDA400372957 /* EventManager.swift in Sources */,
				B6F9492129F7AB1F00BBE3A2 /* PushNotifications.swift in Sources */,
				B6F9491F29F730DE00BBE3A2 /* PushNotificationManager.swift in Sources */,
				B612E32129FABF6F00C6BF88 /* HeaderComponent.swift in Sources */,
				B6F9490A29F6EE6500BBE3A2 /* StepCounter.swift in Sources */,
				B612E31429FA9C1100C6BF88 /* GlassBackGround.swift in Sources */,
				B612E31729FA9C6B00C6BF88 /* SettingMapping.swift in Sources */,
				B6C0B6DE29F929000071A88E /* LocationManager.swift in Sources */,
				B6F9492329F7D7AC00BBE3A2 /* StopWatchView.swift in Sources */,
				B612E31F29FAAC8E00C6BF88 /* SettingSetStepTarget.swift in Sources */,
				B612E31929FAA5D800C6BF88 /* PersonalDeteilsView.swift in Sources */,
				B6C0B6DC29F8FF140071A88E /* LocationTracker.swift in Sources */,
				B612E30E29FA9BB300C6BF88 /* NavigateTo.swift in Sources */,
				B60DDCAE29FF49B500372957 /* LVM.swift in Sources */,
				B60DDCCD2A04192300372957 /* ContactSection.swift in Sources */,
				B612E30B29FA99B300C6BF88 /* SettingToggleButton.swift in Sources */,
				B6F948FD29F6ED8700BBE3A2 /* Pro_these_.xcdatamodeld in Sources */,
			);
			runOnlyForDeploymentPostprocessing = 0;
		};
/* End PBXSourcesBuildPhase section */

/* Begin PBXTargetDependency section */
		B63FC1312A05B49B0013652B /* PBXTargetDependency */ = {
			isa = PBXTargetDependency;
			target = B63FC1282A05B49B0013652B /* test */;
			targetProxy = B63FC1302A05B49B0013652B /* PBXContainerItemProxy */;
		};
		B6AB58262A052BB8003D962B /* PBXTargetDependency */ = {
			isa = PBXTargetDependency;
			target = B6AB58192A052BB8003D962B /* ProthesenWidgetExtension */;
			targetProxy = B6AB58252A052BB8003D962B /* PBXContainerItemProxy */;
		};
		B6E3B3E629FD1B5A00341144 /* PBXTargetDependency */ = {
			isa = PBXTargetDependency;
			target = B6E3B3D929FD1B5900341144 /* ProWatchOS Watch App */;
			targetProxy = B6E3B3E529FD1B5A00341144 /* PBXContainerItemProxy */;
		};
/* End PBXTargetDependency section */

/* Begin XCBuildConfiguration section */
		B63FC1342A05B49C0013652B /* Debug */ = {
			isa = XCBuildConfiguration;
			buildSettings = {
				CODE_SIGN_STYLE = Automatic;
				CURRENT_PROJECT_VERSION = 1;
				DEVELOPMENT_TEAM = ZD275Y62U7;
				GENERATE_INFOPLIST_FILE = YES;
				INFOPLIST_FILE = test/Info.plist;
				INFOPLIST_KEY_CFBundleDisplayName = test;
				INFOPLIST_KEY_NSHumanReadableCopyright = "";
				IPHONEOS_DEPLOYMENT_TARGET = 16.0;
				LD_RUNPATH_SEARCH_PATHS = (
					"$(inherited)",
					"@executable_path/Frameworks",
					"@executable_path/../../Frameworks",
				);
				MARKETING_VERSION = 1.0;
				PRODUCT_BUNDLE_IDENTIFIER = "FK.Pro-these-.test";
				PRODUCT_NAME = "$(TARGET_NAME)";
				SKIP_INSTALL = YES;
				SWIFT_EMIT_LOC_STRINGS = YES;
				SWIFT_VERSION = 5.0;
				TARGETED_DEVICE_FAMILY = "1,2";
			};
			name = Debug;
		};
		B63FC1352A05B49C0013652B /* Release */ = {
			isa = XCBuildConfiguration;
			buildSettings = {
				CODE_SIGN_STYLE = Automatic;
				CURRENT_PROJECT_VERSION = 1;
				DEVELOPMENT_TEAM = ZD275Y62U7;
				GENERATE_INFOPLIST_FILE = YES;
				INFOPLIST_FILE = test/Info.plist;
				INFOPLIST_KEY_CFBundleDisplayName = test;
				INFOPLIST_KEY_NSHumanReadableCopyright = "";
				IPHONEOS_DEPLOYMENT_TARGET = 16.0;
				LD_RUNPATH_SEARCH_PATHS = (
					"$(inherited)",
					"@executable_path/Frameworks",
					"@executable_path/../../Frameworks",
				);
				MARKETING_VERSION = 1.0;
				PRODUCT_BUNDLE_IDENTIFIER = "FK.Pro-these-.test";
				PRODUCT_NAME = "$(TARGET_NAME)";
				SKIP_INSTALL = YES;
				SWIFT_EMIT_LOC_STRINGS = YES;
				SWIFT_VERSION = 5.0;
				TARGETED_DEVICE_FAMILY = "1,2";
			};
			name = Release;
		};
		B6AB58292A052BB8003D962B /* Debug */ = {
			isa = XCBuildConfiguration;
			buildSettings = {
				ASSETCATALOG_COMPILER_GLOBAL_ACCENT_COLOR_NAME = AccentColor;
				ASSETCATALOG_COMPILER_WIDGET_BACKGROUND_COLOR_NAME = WidgetBackground;
				CODE_SIGN_ENTITLEMENTS = ProthesenWidgetExtension.entitlements;
				CODE_SIGN_STYLE = Automatic;
				CURRENT_PROJECT_VERSION = 1;
				DEVELOPMENT_TEAM = ZD275Y62U7;
				GENERATE_INFOPLIST_FILE = YES;
				INFOPLIST_FILE = ProthesenWidget/Info.plist;
				INFOPLIST_KEY_CFBundleDisplayName = ProthesenWidget;
				INFOPLIST_KEY_NSHealthShareUsageDescription = "Share Health Data";
				INFOPLIST_KEY_NSHealthUpdateUsageDescription = "Update Healt Data";
				INFOPLIST_KEY_NSHumanReadableCopyright = "";
				LD_RUNPATH_SEARCH_PATHS = (
					"$(inherited)",
					"@executable_path/Frameworks",
					"@executable_path/../../Frameworks",
				);
				MARKETING_VERSION = 1.0;
				PRODUCT_BUNDLE_IDENTIFIER = "FK.Pro-these-.ProthesenWidget";
				PRODUCT_NAME = "$(TARGET_NAME)";
				SKIP_INSTALL = YES;
				SWIFT_EMIT_LOC_STRINGS = YES;
				SWIFT_VERSION = 5.0;
				TARGETED_DEVICE_FAMILY = "1,2";
			};
			name = Debug;
		};
		B6AB582A2A052BB8003D962B /* Release */ = {
			isa = XCBuildConfiguration;
			buildSettings = {
				ASSETCATALOG_COMPILER_GLOBAL_ACCENT_COLOR_NAME = AccentColor;
				ASSETCATALOG_COMPILER_WIDGET_BACKGROUND_COLOR_NAME = WidgetBackground;
				CODE_SIGN_ENTITLEMENTS = ProthesenWidgetExtension.entitlements;
				CODE_SIGN_STYLE = Automatic;
				CURRENT_PROJECT_VERSION = 1;
				DEVELOPMENT_TEAM = ZD275Y62U7;
				GENERATE_INFOPLIST_FILE = YES;
				INFOPLIST_FILE = ProthesenWidget/Info.plist;
				INFOPLIST_KEY_CFBundleDisplayName = ProthesenWidget;
				INFOPLIST_KEY_NSHealthShareUsageDescription = "Share Health Data";
				INFOPLIST_KEY_NSHealthUpdateUsageDescription = "Update Healt Data";
				INFOPLIST_KEY_NSHumanReadableCopyright = "";
				LD_RUNPATH_SEARCH_PATHS = (
					"$(inherited)",
					"@executable_path/Frameworks",
					"@executable_path/../../Frameworks",
				);
				MARKETING_VERSION = 1.0;
				PRODUCT_BUNDLE_IDENTIFIER = "FK.Pro-these-.ProthesenWidget";
				PRODUCT_NAME = "$(TARGET_NAME)";
				SKIP_INSTALL = YES;
				SWIFT_EMIT_LOC_STRINGS = YES;
				SWIFT_VERSION = 5.0;
				TARGETED_DEVICE_FAMILY = "1,2";
			};
			name = Release;
		};
		B6E3B3E929FD1B5A00341144 /* Debug */ = {
			isa = XCBuildConfiguration;
			buildSettings = {
				ASSETCATALOG_COMPILER_APPICON_NAME = AppIcon;
				ASSETCATALOG_COMPILER_GLOBAL_ACCENT_COLOR_NAME = AccentColor;
				CODE_SIGN_ENTITLEMENTS = "ProWatchOS Watch App/ProWatchOS Watch App.entitlements";
				CODE_SIGN_STYLE = Automatic;
				CURRENT_PROJECT_VERSION = 1;
				DEVELOPMENT_ASSET_PATHS = "\"ProWatchOS Watch App/Preview Content\"";
				DEVELOPMENT_TEAM = ZD275Y62U7;
				ENABLE_PREVIEWS = YES;
				GENERATE_INFOPLIST_FILE = YES;
				INFOPLIST_FILE = "ProWatchOS-Watch-App-Info.plist";
				INFOPLIST_KEY_CFBundleDisplayName = ProWatchOS;
				INFOPLIST_KEY_NSHealthClinicalHealthRecordsShareUsageDescription = "Records Health Records Data";
				INFOPLIST_KEY_NSHealthShareUsageDescription = "Share Health Data";
				INFOPLIST_KEY_UISupportedInterfaceOrientations = "UIInterfaceOrientationPortrait UIInterfaceOrientationPortraitUpsideDown";
				INFOPLIST_KEY_WKCompanionAppBundleIdentifier = "FK.Pro-these-";
				LD_RUNPATH_SEARCH_PATHS = (
					"$(inherited)",
					"@executable_path/Frameworks",
				);
				MARKETING_VERSION = 1.0;
				PRODUCT_BUNDLE_IDENTIFIER = "FK.Pro-these-.ProWatchOS";
				PRODUCT_NAME = "$(TARGET_NAME)";
				SDKROOT = watchos;
				SKIP_INSTALL = YES;
				SWIFT_EMIT_LOC_STRINGS = YES;
				SWIFT_VERSION = 5.0;
				TARGETED_DEVICE_FAMILY = 4;
				WATCHOS_DEPLOYMENT_TARGET = 9.1;
			};
			name = Debug;
		};
		B6E3B3EA29FD1B5A00341144 /* Release */ = {
			isa = XCBuildConfiguration;
			buildSettings = {
				ASSETCATALOG_COMPILER_APPICON_NAME = AppIcon;
				ASSETCATALOG_COMPILER_GLOBAL_ACCENT_COLOR_NAME = AccentColor;
				CODE_SIGN_ENTITLEMENTS = "ProWatchOS Watch App/ProWatchOS Watch App.entitlements";
				CODE_SIGN_STYLE = Automatic;
				CURRENT_PROJECT_VERSION = 1;
				DEVELOPMENT_ASSET_PATHS = "\"ProWatchOS Watch App/Preview Content\"";
				DEVELOPMENT_TEAM = ZD275Y62U7;
				ENABLE_PREVIEWS = YES;
				GENERATE_INFOPLIST_FILE = YES;
				INFOPLIST_FILE = "ProWatchOS-Watch-App-Info.plist";
				INFOPLIST_KEY_CFBundleDisplayName = ProWatchOS;
				INFOPLIST_KEY_NSHealthClinicalHealthRecordsShareUsageDescription = "Records Health Records Data";
				INFOPLIST_KEY_NSHealthShareUsageDescription = "Share Health Data";
				INFOPLIST_KEY_UISupportedInterfaceOrientations = "UIInterfaceOrientationPortrait UIInterfaceOrientationPortraitUpsideDown";
				INFOPLIST_KEY_WKCompanionAppBundleIdentifier = "FK.Pro-these-";
				LD_RUNPATH_SEARCH_PATHS = (
					"$(inherited)",
					"@executable_path/Frameworks",
				);
				MARKETING_VERSION = 1.0;
				PRODUCT_BUNDLE_IDENTIFIER = "FK.Pro-these-.ProWatchOS";
				PRODUCT_NAME = "$(TARGET_NAME)";
				SDKROOT = watchos;
				SKIP_INSTALL = YES;
				SWIFT_EMIT_LOC_STRINGS = YES;
				SWIFT_VERSION = 5.0;
				TARGETED_DEVICE_FAMILY = 4;
				WATCHOS_DEPLOYMENT_TARGET = 9.1;
			};
			name = Release;
		};
		B6F948FF29F6ED8700BBE3A2 /* Debug */ = {
			isa = XCBuildConfiguration;
			buildSettings = {
				ALWAYS_SEARCH_USER_PATHS = NO;
				CLANG_ANALYZER_NONNULL = YES;
				CLANG_ANALYZER_NUMBER_OBJECT_CONVERSION = YES_AGGRESSIVE;
				CLANG_CXX_LANGUAGE_STANDARD = "gnu++20";
				CLANG_ENABLE_MODULES = YES;
				CLANG_ENABLE_OBJC_ARC = YES;
				CLANG_ENABLE_OBJC_WEAK = YES;
				CLANG_WARN_BLOCK_CAPTURE_AUTORELEASING = YES;
				CLANG_WARN_BOOL_CONVERSION = YES;
				CLANG_WARN_COMMA = YES;
				CLANG_WARN_CONSTANT_CONVERSION = YES;
				CLANG_WARN_DEPRECATED_OBJC_IMPLEMENTATIONS = YES;
				CLANG_WARN_DIRECT_OBJC_ISA_USAGE = YES_ERROR;
				CLANG_WARN_DOCUMENTATION_COMMENTS = YES;
				CLANG_WARN_EMPTY_BODY = YES;
				CLANG_WARN_ENUM_CONVERSION = YES;
				CLANG_WARN_INFINITE_RECURSION = YES;
				CLANG_WARN_INT_CONVERSION = YES;
				CLANG_WARN_NON_LITERAL_NULL_CONVERSION = YES;
				CLANG_WARN_OBJC_IMPLICIT_RETAIN_SELF = YES;
				CLANG_WARN_OBJC_LITERAL_CONVERSION = YES;
				CLANG_WARN_OBJC_ROOT_CLASS = YES_ERROR;
				CLANG_WARN_QUOTED_INCLUDE_IN_FRAMEWORK_HEADER = YES;
				CLANG_WARN_RANGE_LOOP_ANALYSIS = YES;
				CLANG_WARN_STRICT_PROTOTYPES = YES;
				CLANG_WARN_SUSPICIOUS_MOVE = YES;
				CLANG_WARN_UNGUARDED_AVAILABILITY = YES_AGGRESSIVE;
				CLANG_WARN_UNREACHABLE_CODE = YES;
				CLANG_WARN__DUPLICATE_METHOD_MATCH = YES;
				COPY_PHASE_STRIP = NO;
				DEBUG_INFORMATION_FORMAT = dwarf;
				ENABLE_STRICT_OBJC_MSGSEND = YES;
				ENABLE_TESTABILITY = YES;
				GCC_C_LANGUAGE_STANDARD = gnu11;
				GCC_DYNAMIC_NO_PIC = NO;
				GCC_NO_COMMON_BLOCKS = YES;
				GCC_OPTIMIZATION_LEVEL = 0;
				GCC_PREPROCESSOR_DEFINITIONS = (
					"DEBUG=1",
					"$(inherited)",
				);
				GCC_WARN_64_TO_32_BIT_CONVERSION = YES;
				GCC_WARN_ABOUT_RETURN_TYPE = YES_ERROR;
				GCC_WARN_UNDECLARED_SELECTOR = YES;
				GCC_WARN_UNINITIALIZED_AUTOS = YES_AGGRESSIVE;
				GCC_WARN_UNUSED_FUNCTION = YES;
				GCC_WARN_UNUSED_VARIABLE = YES;
				IPHONEOS_DEPLOYMENT_TARGET = 16.2;
				MTL_ENABLE_DEBUG_INFO = INCLUDE_SOURCE;
				MTL_FAST_MATH = YES;
				ONLY_ACTIVE_ARCH = YES;
				SDKROOT = iphoneos;
				SWIFT_ACTIVE_COMPILATION_CONDITIONS = DEBUG;
				SWIFT_OPTIMIZATION_LEVEL = "-Onone";
			};
			name = Debug;
		};
		B6F9490029F6ED8700BBE3A2 /* Release */ = {
			isa = XCBuildConfiguration;
			buildSettings = {
				ALWAYS_SEARCH_USER_PATHS = NO;
				CLANG_ANALYZER_NONNULL = YES;
				CLANG_ANALYZER_NUMBER_OBJECT_CONVERSION = YES_AGGRESSIVE;
				CLANG_CXX_LANGUAGE_STANDARD = "gnu++20";
				CLANG_ENABLE_MODULES = YES;
				CLANG_ENABLE_OBJC_ARC = YES;
				CLANG_ENABLE_OBJC_WEAK = YES;
				CLANG_WARN_BLOCK_CAPTURE_AUTORELEASING = YES;
				CLANG_WARN_BOOL_CONVERSION = YES;
				CLANG_WARN_COMMA = YES;
				CLANG_WARN_CONSTANT_CONVERSION = YES;
				CLANG_WARN_DEPRECATED_OBJC_IMPLEMENTATIONS = YES;
				CLANG_WARN_DIRECT_OBJC_ISA_USAGE = YES_ERROR;
				CLANG_WARN_DOCUMENTATION_COMMENTS = YES;
				CLANG_WARN_EMPTY_BODY = YES;
				CLANG_WARN_ENUM_CONVERSION = YES;
				CLANG_WARN_INFINITE_RECURSION = YES;
				CLANG_WARN_INT_CONVERSION = YES;
				CLANG_WARN_NON_LITERAL_NULL_CONVERSION = YES;
				CLANG_WARN_OBJC_IMPLICIT_RETAIN_SELF = YES;
				CLANG_WARN_OBJC_LITERAL_CONVERSION = YES;
				CLANG_WARN_OBJC_ROOT_CLASS = YES_ERROR;
				CLANG_WARN_QUOTED_INCLUDE_IN_FRAMEWORK_HEADER = YES;
				CLANG_WARN_RANGE_LOOP_ANALYSIS = YES;
				CLANG_WARN_STRICT_PROTOTYPES = YES;
				CLANG_WARN_SUSPICIOUS_MOVE = YES;
				CLANG_WARN_UNGUARDED_AVAILABILITY = YES_AGGRESSIVE;
				CLANG_WARN_UNREACHABLE_CODE = YES;
				CLANG_WARN__DUPLICATE_METHOD_MATCH = YES;
				COPY_PHASE_STRIP = NO;
				DEBUG_INFORMATION_FORMAT = "dwarf-with-dsym";
				ENABLE_NS_ASSERTIONS = NO;
				ENABLE_STRICT_OBJC_MSGSEND = YES;
				GCC_C_LANGUAGE_STANDARD = gnu11;
				GCC_NO_COMMON_BLOCKS = YES;
				GCC_WARN_64_TO_32_BIT_CONVERSION = YES;
				GCC_WARN_ABOUT_RETURN_TYPE = YES_ERROR;
				GCC_WARN_UNDECLARED_SELECTOR = YES;
				GCC_WARN_UNINITIALIZED_AUTOS = YES_AGGRESSIVE;
				GCC_WARN_UNUSED_FUNCTION = YES;
				GCC_WARN_UNUSED_VARIABLE = YES;
				IPHONEOS_DEPLOYMENT_TARGET = 16.2;
				MTL_ENABLE_DEBUG_INFO = NO;
				MTL_FAST_MATH = YES;
				SDKROOT = iphoneos;
				SWIFT_COMPILATION_MODE = wholemodule;
				SWIFT_OPTIMIZATION_LEVEL = "-O";
				VALIDATE_PRODUCT = YES;
			};
			name = Release;
		};
		B6F9490229F6ED8700BBE3A2 /* Debug */ = {
			isa = XCBuildConfiguration;
			buildSettings = {
				ALWAYS_EMBED_SWIFT_STANDARD_LIBRARIES = YES;
				ASSETCATALOG_COMPILER_APPICON_NAME = AppIcon;
				ASSETCATALOG_COMPILER_GLOBAL_ACCENT_COLOR_NAME = AccentColor;
				CODE_SIGN_ENTITLEMENTS = "Pro(these)/Pro(these).entitlements";
				CODE_SIGN_STYLE = Automatic;
				CURRENT_PROJECT_VERSION = 1;
				DEVELOPMENT_ASSET_PATHS = "\"Pro(these)/Preview Content\"";
				DEVELOPMENT_TEAM = ZD275Y62U7;
				ENABLE_PREVIEWS = YES;
				GENERATE_INFOPLIST_FILE = YES;
				INFOPLIST_FILE = "Pro-these--Info.plist";
				INFOPLIST_KEY_NSHealthClinicalHealthRecordsShareUsageDescription = "Record Healthkit Data";
				INFOPLIST_KEY_NSHealthShareUsageDescription = "Share Healthkit Data";
				INFOPLIST_KEY_NSHealthUpdateUsageDescription = "Update Healthkit Data";
				INFOPLIST_KEY_NSLocationAlwaysAndWhenInUseUsageDescription = "Local GPS when in use";
				INFOPLIST_KEY_NSLocationAlwaysUsageDescription = "Local GPS always";
				INFOPLIST_KEY_NSLocationWhenInUseUsageDescription = "Local GPS when always in use";
				INFOPLIST_KEY_NSSupportsLiveActivities = YES;
				INFOPLIST_KEY_NSSupportsLiveActivitiesFrequentUpdates = YES;
				INFOPLIST_KEY_UIApplicationSupportsIndirectInputEvents = YES;
				INFOPLIST_KEY_UILaunchScreen_Generation = YES;
				INFOPLIST_KEY_UISupportedInterfaceOrientations = UIInterfaceOrientationPortrait;
				INFOPLIST_KEY_UISupportedInterfaceOrientations_iPad = "UIInterfaceOrientationLandscapeLeft UIInterfaceOrientationLandscapeRight UIInterfaceOrientationPortrait UIInterfaceOrientationPortraitUpsideDown";
				IPHONEOS_DEPLOYMENT_TARGET = 16.2;
				LD_RUNPATH_SEARCH_PATHS = (
					"$(inherited)",
					"@executable_path/Frameworks",
				);
				MARKETING_VERSION = 1.0;
				PRODUCT_BUNDLE_IDENTIFIER = "FK.Pro-these-";
				PRODUCT_NAME = "$(TARGET_NAME)";
				SWIFT_EMIT_LOC_STRINGS = YES;
				SWIFT_VERSION = 5.0;
				TARGETED_DEVICE_FAMILY = "1,2";
			};
			name = Debug;
		};
		B6F9490329F6ED8700BBE3A2 /* Release */ = {
			isa = XCBuildConfiguration;
			buildSettings = {
				ALWAYS_EMBED_SWIFT_STANDARD_LIBRARIES = YES;
				ASSETCATALOG_COMPILER_APPICON_NAME = AppIcon;
				ASSETCATALOG_COMPILER_GLOBAL_ACCENT_COLOR_NAME = AccentColor;
				CODE_SIGN_ENTITLEMENTS = "Pro(these)/Pro(these).entitlements";
				CODE_SIGN_STYLE = Automatic;
				CURRENT_PROJECT_VERSION = 1;
				DEVELOPMENT_ASSET_PATHS = "\"Pro(these)/Preview Content\"";
				DEVELOPMENT_TEAM = ZD275Y62U7;
				ENABLE_PREVIEWS = YES;
				GENERATE_INFOPLIST_FILE = YES;
				INFOPLIST_FILE = "Pro-these--Info.plist";
				INFOPLIST_KEY_NSHealthClinicalHealthRecordsShareUsageDescription = "Record Healthkit Data";
				INFOPLIST_KEY_NSHealthShareUsageDescription = "Share Healthkit Data";
				INFOPLIST_KEY_NSHealthUpdateUsageDescription = "Update Healthkit Data";
				INFOPLIST_KEY_NSLocationAlwaysAndWhenInUseUsageDescription = "Local GPS when in use";
				INFOPLIST_KEY_NSLocationAlwaysUsageDescription = "Local GPS always";
				INFOPLIST_KEY_NSLocationWhenInUseUsageDescription = "Local GPS when always in use";
				INFOPLIST_KEY_NSSupportsLiveActivities = YES;
				INFOPLIST_KEY_NSSupportsLiveActivitiesFrequentUpdates = YES;
				INFOPLIST_KEY_UIApplicationSupportsIndirectInputEvents = YES;
				INFOPLIST_KEY_UILaunchScreen_Generation = YES;
				INFOPLIST_KEY_UISupportedInterfaceOrientations = UIInterfaceOrientationPortrait;
				INFOPLIST_KEY_UISupportedInterfaceOrientations_iPad = "UIInterfaceOrientationLandscapeLeft UIInterfaceOrientationLandscapeRight UIInterfaceOrientationPortrait UIInterfaceOrientationPortraitUpsideDown";
				IPHONEOS_DEPLOYMENT_TARGET = 16.2;
				LD_RUNPATH_SEARCH_PATHS = (
					"$(inherited)",
					"@executable_path/Frameworks",
				);
				MARKETING_VERSION = 1.0;
				PRODUCT_BUNDLE_IDENTIFIER = "FK.Pro-these-";
				PRODUCT_NAME = "$(TARGET_NAME)";
				SWIFT_EMIT_LOC_STRINGS = YES;
				SWIFT_VERSION = 5.0;
				TARGETED_DEVICE_FAMILY = "1,2";
			};
			name = Release;
		};
/* End XCBuildConfiguration section */

/* Begin XCConfigurationList section */
		B63FC1332A05B49C0013652B /* Build configuration list for PBXNativeTarget "test" */ = {
			isa = XCConfigurationList;
			buildConfigurations = (
				B63FC1342A05B49C0013652B /* Debug */,
				B63FC1352A05B49C0013652B /* Release */,
			);
			defaultConfigurationIsVisible = 0;
			defaultConfigurationName = Release;
		};
		B6AB58282A052BB8003D962B /* Build configuration list for PBXNativeTarget "ProthesenWidgetExtension" */ = {
			isa = XCConfigurationList;
			buildConfigurations = (
				B6AB58292A052BB8003D962B /* Debug */,
				B6AB582A2A052BB8003D962B /* Release */,
			);
			defaultConfigurationIsVisible = 0;
			defaultConfigurationName = Release;
		};
		B6E3B3E829FD1B5A00341144 /* Build configuration list for PBXNativeTarget "ProWatchOS Watch App" */ = {
			isa = XCConfigurationList;
			buildConfigurations = (
				B6E3B3E929FD1B5A00341144 /* Debug */,
				B6E3B3EA29FD1B5A00341144 /* Release */,
			);
			defaultConfigurationIsVisible = 0;
			defaultConfigurationName = Release;
		};
		B6F948E829F6ED8500BBE3A2 /* Build configuration list for PBXProject "Pro(these)" */ = {
			isa = XCConfigurationList;
			buildConfigurations = (
				B6F948FF29F6ED8700BBE3A2 /* Debug */,
				B6F9490029F6ED8700BBE3A2 /* Release */,
			);
			defaultConfigurationIsVisible = 0;
			defaultConfigurationName = Release;
		};
		B6F9490129F6ED8700BBE3A2 /* Build configuration list for PBXNativeTarget "Pro(these)" */ = {
			isa = XCConfigurationList;
			buildConfigurations = (
				B6F9490229F6ED8700BBE3A2 /* Debug */,
				B6F9490329F6ED8700BBE3A2 /* Release */,
			);
			defaultConfigurationIsVisible = 0;
			defaultConfigurationName = Release;
		};
/* End XCConfigurationList section */

/* Begin XCVersionGroup section */
		B6F948FB29F6ED8700BBE3A2 /* Pro_these_.xcdatamodeld */ = {
			isa = XCVersionGroup;
			children = (
				B6F948FC29F6ED8700BBE3A2 /* Pro_these_.xcdatamodel */,
			);
			currentVersion = B6F948FC29F6ED8700BBE3A2 /* Pro_these_.xcdatamodel */;
			path = Pro_these_.xcdatamodeld;
			sourceTree = "<group>";
			versionGroupType = wrapper.xcdatamodel;
		};
/* End XCVersionGroup section */
	};
	rootObject = B6F948E529F6ED8500BBE3A2 /* Project object */;
}
